// !$*UTF8*$!
{
	archiveVersion = 1;
	classes = {
	};
	objectVersion = 52;
	objects = {

/* Begin PBXBuildFile section */
		AF2C026B24659AD000A055B7 /* AppDelegate.swift in Sources */ = {isa = PBXBuildFile; fileRef = AF2C026A24659AD000A055B7 /* AppDelegate.swift */; };
		AF2C026D24659AD000A055B7 /* SceneDelegate.swift in Sources */ = {isa = PBXBuildFile; fileRef = AF2C026C24659AD000A055B7 /* SceneDelegate.swift */; };
		AF2C026F24659AD000A055B7 /* ContentView.swift in Sources */ = {isa = PBXBuildFile; fileRef = AF2C026E24659AD000A055B7 /* ContentView.swift */; };
		AF2C027124659AD100A055B7 /* Assets.xcassets in Resources */ = {isa = PBXBuildFile; fileRef = AF2C027024659AD100A055B7 /* Assets.xcassets */; };
		AF2C027424659AD100A055B7 /* Preview Assets.xcassets in Resources */ = {isa = PBXBuildFile; fileRef = AF2C027324659AD100A055B7 /* Preview Assets.xcassets */; };
		AF2C027724659AD100A055B7 /* LaunchScreen.storyboard in Resources */ = {isa = PBXBuildFile; fileRef = AF2C027524659AD100A055B7 /* LaunchScreen.storyboard */; };
		AF2C028224659AD100A055B7 /* MessageBoxTests.swift in Sources */ = {isa = PBXBuildFile; fileRef = AF2C028124659AD100A055B7 /* MessageBoxTests.swift */; };
		AF2C028D24659AD100A055B7 /* MessageBoxUITests.swift in Sources */ = {isa = PBXBuildFile; fileRef = AF2C028C24659AD100A055B7 /* MessageBoxUITests.swift */; };
		AF7A07CE24736B59001AF225 /* SMSMessageConversationView.swift in Sources */ = {isa = PBXBuildFile; fileRef = AF7A07CD24736B59001AF225 /* SMSMessageConversationView.swift */; };
		AF7A07D024736C83001AF225 /* MessageInputBar.swift in Sources */ = {isa = PBXBuildFile; fileRef = AF7A07CF24736C83001AF225 /* MessageInputBar.swift */; };
		AF926C25246B26BE0076E045 /* DataTypes.swift in Sources */ = {isa = PBXBuildFile; fileRef = AF926C24246B26BE0076E045 /* DataTypes.swift */; };
		AF95E78E2465C8C000298FE2 /* LoginView.swift in Sources */ = {isa = PBXBuildFile; fileRef = AF95E78D2465C8C000298FE2 /* LoginView.swift */; };
		AF95E7902465FD4200298FE2 /* Session.swift in Sources */ = {isa = PBXBuildFile; fileRef = AF95E78F2465FD4200298FE2 /* Session.swift */; };
		AF96E3DD2475CFE400D6E514 /* ImageLoader.swift in Sources */ = {isa = PBXBuildFile; fileRef = AF96E3DC2475CFE400D6E514 /* ImageLoader.swift */; };
		AFA39BF1246C4CA700DD759D /* KeyboardResponder.swift in Sources */ = {isa = PBXBuildFile; fileRef = AFA39BF0246C4CA700DD759D /* KeyboardResponder.swift */; };
		AFC499382469A07C001752D5 /* UsersMessageBoxNumbers.swift in Sources */ = {isa = PBXBuildFile; fileRef = AFC499372469A07C001752D5 /* UsersMessageBoxNumbers.swift */; };
		AFC4993B2469B00E001752D5 /* Alamofire in Frameworks */ = {isa = PBXBuildFile; productRef = AFC4993A2469B00E001752D5 /* Alamofire */; };
		AFC4993D2469B0F6001752D5 /* NumbersInteractedWithView.swift in Sources */ = {isa = PBXBuildFile; fileRef = AFC4993C2469B0F6001752D5 /* NumbersInteractedWithView.swift */; };
		AFD90C472465A01000B5D0D8 /* AppView.swift in Sources */ = {isa = PBXBuildFile; fileRef = AFD90C462465A00F00B5D0D8 /* AppView.swift */; };
		AFD90C492465A01800B5D0D8 /* AuthView.swift in Sources */ = {isa = PBXBuildFile; fileRef = AFD90C482465A01800B5D0D8 /* AuthView.swift */; };
/* End PBXBuildFile section */

/* Begin PBXContainerItemProxy section */
		AF2C027E24659AD100A055B7 /* PBXContainerItemProxy */ = {
			isa = PBXContainerItemProxy;
			containerPortal = AF2C025F24659AD000A055B7 /* Project object */;
			proxyType = 1;
			remoteGlobalIDString = AF2C026624659AD000A055B7;
			remoteInfo = MessageBox;
		};
		AF2C028924659AD100A055B7 /* PBXContainerItemProxy */ = {
			isa = PBXContainerItemProxy;
			containerPortal = AF2C025F24659AD000A055B7 /* Project object */;
			proxyType = 1;
			remoteGlobalIDString = AF2C026624659AD000A055B7;
			remoteInfo = MessageBox;
		};
/* End PBXContainerItemProxy section */

/* Begin PBXFileReference section */
		AF2C026724659AD000A055B7 /* MessageBox.app */ = {isa = PBXFileReference; explicitFileType = wrapper.application; includeInIndex = 0; path = MessageBox.app; sourceTree = BUILT_PRODUCTS_DIR; };
		AF2C026A24659AD000A055B7 /* AppDelegate.swift */ = {isa = PBXFileReference; lastKnownFileType = sourcecode.swift; path = AppDelegate.swift; sourceTree = "<group>"; };
		AF2C026C24659AD000A055B7 /* SceneDelegate.swift */ = {isa = PBXFileReference; lastKnownFileType = sourcecode.swift; path = SceneDelegate.swift; sourceTree = "<group>"; };
		AF2C026E24659AD000A055B7 /* ContentView.swift */ = {isa = PBXFileReference; lastKnownFileType = sourcecode.swift; path = ContentView.swift; sourceTree = "<group>"; };
		AF2C027024659AD100A055B7 /* Assets.xcassets */ = {isa = PBXFileReference; lastKnownFileType = folder.assetcatalog; path = Assets.xcassets; sourceTree = "<group>"; };
		AF2C027324659AD100A055B7 /* Preview Assets.xcassets */ = {isa = PBXFileReference; lastKnownFileType = folder.assetcatalog; path = "Preview Assets.xcassets"; sourceTree = "<group>"; };
		AF2C027624659AD100A055B7 /* Base */ = {isa = PBXFileReference; lastKnownFileType = file.storyboard; name = Base; path = Base.lproj/LaunchScreen.storyboard; sourceTree = "<group>"; };
		AF2C027824659AD100A055B7 /* Info.plist */ = {isa = PBXFileReference; lastKnownFileType = text.plist.xml; path = Info.plist; sourceTree = "<group>"; };
		AF2C027D24659AD100A055B7 /* MessageBoxTests.xctest */ = {isa = PBXFileReference; explicitFileType = wrapper.cfbundle; includeInIndex = 0; path = MessageBoxTests.xctest; sourceTree = BUILT_PRODUCTS_DIR; };
		AF2C028124659AD100A055B7 /* MessageBoxTests.swift */ = {isa = PBXFileReference; lastKnownFileType = sourcecode.swift; path = MessageBoxTests.swift; sourceTree = "<group>"; };
		AF2C028324659AD100A055B7 /* Info.plist */ = {isa = PBXFileReference; lastKnownFileType = text.plist.xml; path = Info.plist; sourceTree = "<group>"; };
		AF2C028824659AD100A055B7 /* MessageBoxUITests.xctest */ = {isa = PBXFileReference; explicitFileType = wrapper.cfbundle; includeInIndex = 0; path = MessageBoxUITests.xctest; sourceTree = BUILT_PRODUCTS_DIR; };
		AF2C028C24659AD100A055B7 /* MessageBoxUITests.swift */ = {isa = PBXFileReference; lastKnownFileType = sourcecode.swift; path = MessageBoxUITests.swift; sourceTree = "<group>"; };
		AF2C028E24659AD100A055B7 /* Info.plist */ = {isa = PBXFileReference; lastKnownFileType = text.plist.xml; path = Info.plist; sourceTree = "<group>"; };
		AF7A07CD24736B59001AF225 /* SMSMessageConversationView.swift */ = {isa = PBXFileReference; lastKnownFileType = sourcecode.swift; path = SMSMessageConversationView.swift; sourceTree = "<group>"; };
		AF7A07CF24736C83001AF225 /* MessageInputBar.swift */ = {isa = PBXFileReference; lastKnownFileType = sourcecode.swift; path = MessageInputBar.swift; sourceTree = "<group>"; };
		AF926C24246B26BE0076E045 /* DataTypes.swift */ = {isa = PBXFileReference; lastKnownFileType = sourcecode.swift; path = DataTypes.swift; sourceTree = "<group>"; };
		AF95E78D2465C8C000298FE2 /* LoginView.swift */ = {isa = PBXFileReference; lastKnownFileType = sourcecode.swift; path = LoginView.swift; sourceTree = "<group>"; };
		AF95E78F2465FD4200298FE2 /* Session.swift */ = {isa = PBXFileReference; lastKnownFileType = sourcecode.swift; path = Session.swift; sourceTree = "<group>"; };
		AF96E3DC2475CFE400D6E514 /* ImageLoader.swift */ = {isa = PBXFileReference; lastKnownFileType = sourcecode.swift; path = ImageLoader.swift; sourceTree = "<group>"; };
		AFA39BF0246C4CA700DD759D /* KeyboardResponder.swift */ = {isa = PBXFileReference; lastKnownFileType = sourcecode.swift; path = KeyboardResponder.swift; sourceTree = "<group>"; };
		AFC499372469A07C001752D5 /* UsersMessageBoxNumbers.swift */ = {isa = PBXFileReference; lastKnownFileType = sourcecode.swift; path = UsersMessageBoxNumbers.swift; sourceTree = "<group>"; };
		AFC4993C2469B0F6001752D5 /* NumbersInteractedWithView.swift */ = {isa = PBXFileReference; lastKnownFileType = sourcecode.swift; path = NumbersInteractedWithView.swift; sourceTree = "<group>"; };
		AFD90C462465A00F00B5D0D8 /* AppView.swift */ = {isa = PBXFileReference; lastKnownFileType = sourcecode.swift; path = AppView.swift; sourceTree = "<group>"; };
		AFD90C482465A01800B5D0D8 /* AuthView.swift */ = {isa = PBXFileReference; lastKnownFileType = sourcecode.swift; path = AuthView.swift; sourceTree = "<group>"; };
		AFD90C4A2465A14000B5D0D8 /* MessageBox.entitlements */ = {isa = PBXFileReference; lastKnownFileType = text.plist.entitlements; path = MessageBox.entitlements; sourceTree = "<group>"; };
/* End PBXFileReference section */

/* Begin PBXFrameworksBuildPhase section */
		AF2C026424659AD000A055B7 /* Frameworks */ = {
			isa = PBXFrameworksBuildPhase;
			buildActionMask = 2147483647;
			files = (
				AFC4993B2469B00E001752D5 /* Alamofire in Frameworks */,
			);
			runOnlyForDeploymentPostprocessing = 0;
		};
		AF2C027A24659AD100A055B7 /* Frameworks */ = {
			isa = PBXFrameworksBuildPhase;
			buildActionMask = 2147483647;
			files = (
			);
			runOnlyForDeploymentPostprocessing = 0;
		};
		AF2C028524659AD100A055B7 /* Frameworks */ = {
			isa = PBXFrameworksBuildPhase;
			buildActionMask = 2147483647;
			files = (
			);
			runOnlyForDeploymentPostprocessing = 0;
		};
/* End PBXFrameworksBuildPhase section */

/* Begin PBXGroup section */
		AF2C025E24659AD000A055B7 = {
			isa = PBXGroup;
			children = (
				AF2C026924659AD000A055B7 /* MessageBox */,
				AF2C028024659AD100A055B7 /* MessageBoxTests */,
				AF2C028B24659AD100A055B7 /* MessageBoxUITests */,
				AF2C026824659AD000A055B7 /* Products */,
			);
			sourceTree = "<group>";
		};
		AF2C026824659AD000A055B7 /* Products */ = {
			isa = PBXGroup;
			children = (
				AF2C026724659AD000A055B7 /* MessageBox.app */,
				AF2C027D24659AD100A055B7 /* MessageBoxTests.xctest */,
				AF2C028824659AD100A055B7 /* MessageBoxUITests.xctest */,
			);
			name = Products;
			sourceTree = "<group>";
		};
		AF2C026924659AD000A055B7 /* MessageBox */ = {
			isa = PBXGroup;
			children = (
				AFD90C4A2465A14000B5D0D8 /* MessageBox.entitlements */,
				AF2C026A24659AD000A055B7 /* AppDelegate.swift */,
				AF2C026C24659AD000A055B7 /* SceneDelegate.swift */,
				AF2C026E24659AD000A055B7 /* ContentView.swift */,
				AF95E78F2465FD4200298FE2 /* Session.swift */,
				AFD90C462465A00F00B5D0D8 /* AppView.swift */,
				AFA39BF0246C4CA700DD759D /* KeyboardResponder.swift */,
				AF926C24246B26BE0076E045 /* DataTypes.swift */,
				AF96E3DC2475CFE400D6E514 /* ImageLoader.swift */,
				AFC499362469A064001752D5 /* Numbers And Messages */,
				AFD90C482465A01800B5D0D8 /* AuthView.swift */,
				AF95E78D2465C8C000298FE2 /* LoginView.swift */,
				AF2C027024659AD100A055B7 /* Assets.xcassets */,
				AF2C027524659AD100A055B7 /* LaunchScreen.storyboard */,
				AF2C027824659AD100A055B7 /* Info.plist */,
				AF2C027224659AD100A055B7 /* Preview Content */,
			);
			path = MessageBox;
			sourceTree = "<group>";
		};
		AF2C027224659AD100A055B7 /* Preview Content */ = {
			isa = PBXGroup;
			children = (
				AF2C027324659AD100A055B7 /* Preview Assets.xcassets */,
			);
			path = "Preview Content";
			sourceTree = "<group>";
		};
		AF2C028024659AD100A055B7 /* MessageBoxTests */ = {
			isa = PBXGroup;
			children = (
				AF2C028124659AD100A055B7 /* MessageBoxTests.swift */,
				AF2C028324659AD100A055B7 /* Info.plist */,
			);
			path = MessageBoxTests;
			sourceTree = "<group>";
		};
		AF2C028B24659AD100A055B7 /* MessageBoxUITests */ = {
			isa = PBXGroup;
			children = (
				AF2C028C24659AD100A055B7 /* MessageBoxUITests.swift */,
				AF2C028E24659AD100A055B7 /* Info.plist */,
			);
			path = MessageBoxUITests;
			sourceTree = "<group>";
		};
		AFC499362469A064001752D5 /* Numbers And Messages */ = {
			isa = PBXGroup;
			children = (
				AFC499372469A07C001752D5 /* UsersMessageBoxNumbers.swift */,
				AFC4993C2469B0F6001752D5 /* NumbersInteractedWithView.swift */,
				AF7A07CD24736B59001AF225 /* SMSMessageConversationView.swift */,
				AF7A07CF24736C83001AF225 /* MessageInputBar.swift */,
			);
			path = "Numbers And Messages";
			sourceTree = "<group>";
		};
/* End PBXGroup section */

/* Begin PBXNativeTarget section */
		AF2C026624659AD000A055B7 /* MessageBox */ = {
			isa = PBXNativeTarget;
			buildConfigurationList = AF2C029124659AD100A055B7 /* Build configuration list for PBXNativeTarget "MessageBox" */;
			buildPhases = (
				AF2C026324659AD000A055B7 /* Sources */,
				AF2C026424659AD000A055B7 /* Frameworks */,
				AF2C026524659AD000A055B7 /* Resources */,
			);
			buildRules = (
			);
			dependencies = (
			);
			name = MessageBox;
			packageProductDependencies = (
				AFC4993A2469B00E001752D5 /* Alamofire */,
			);
			productName = MessageBox;
			productReference = AF2C026724659AD000A055B7 /* MessageBox.app */;
			productType = "com.apple.product-type.application";
		};
		AF2C027C24659AD100A055B7 /* MessageBoxTests */ = {
			isa = PBXNativeTarget;
			buildConfigurationList = AF2C029424659AD100A055B7 /* Build configuration list for PBXNativeTarget "MessageBoxTests" */;
			buildPhases = (
				AF2C027924659AD100A055B7 /* Sources */,
				AF2C027A24659AD100A055B7 /* Frameworks */,
				AF2C027B24659AD100A055B7 /* Resources */,
			);
			buildRules = (
			);
			dependencies = (
				AF2C027F24659AD100A055B7 /* PBXTargetDependency */,
			);
			name = MessageBoxTests;
			productName = MessageBoxTests;
			productReference = AF2C027D24659AD100A055B7 /* MessageBoxTests.xctest */;
			productType = "com.apple.product-type.bundle.unit-test";
		};
		AF2C028724659AD100A055B7 /* MessageBoxUITests */ = {
			isa = PBXNativeTarget;
			buildConfigurationList = AF2C029724659AD100A055B7 /* Build configuration list for PBXNativeTarget "MessageBoxUITests" */;
			buildPhases = (
				AF2C028424659AD100A055B7 /* Sources */,
				AF2C028524659AD100A055B7 /* Frameworks */,
				AF2C028624659AD100A055B7 /* Resources */,
			);
			buildRules = (
			);
			dependencies = (
				AF2C028A24659AD100A055B7 /* PBXTargetDependency */,
			);
			name = MessageBoxUITests;
			productName = MessageBoxUITests;
			productReference = AF2C028824659AD100A055B7 /* MessageBoxUITests.xctest */;
			productType = "com.apple.product-type.bundle.ui-testing";
		};
/* End PBXNativeTarget section */

/* Begin PBXProject section */
		AF2C025F24659AD000A055B7 /* Project object */ = {
			isa = PBXProject;
			attributes = {
				LastSwiftUpdateCheck = 1140;
				LastUpgradeCheck = 1140;
				ORGANIZATIONNAME = "Mathew Jenkinson";
				TargetAttributes = {
					AF2C026624659AD000A055B7 = {
						CreatedOnToolsVersion = 11.4.1;
					};
					AF2C027C24659AD100A055B7 = {
						CreatedOnToolsVersion = 11.4.1;
						TestTargetID = AF2C026624659AD000A055B7;
					};
					AF2C028724659AD100A055B7 = {
						CreatedOnToolsVersion = 11.4.1;
						TestTargetID = AF2C026624659AD000A055B7;
					};
				};
			};
			buildConfigurationList = AF2C026224659AD000A055B7 /* Build configuration list for PBXProject "MessageBox" */;
			compatibilityVersion = "Xcode 9.3";
			developmentRegion = en;
			hasScannedForEncodings = 0;
			knownRegions = (
				en,
				Base,
			);
			mainGroup = AF2C025E24659AD000A055B7;
			packageReferences = (
				AFC499392469B00E001752D5 /* XCRemoteSwiftPackageReference "Alamofire" */,
			);
			productRefGroup = AF2C026824659AD000A055B7 /* Products */;
			projectDirPath = "";
			projectRoot = "";
			targets = (
				AF2C026624659AD000A055B7 /* MessageBox */,
				AF2C027C24659AD100A055B7 /* MessageBoxTests */,
				AF2C028724659AD100A055B7 /* MessageBoxUITests */,
			);
		};
/* End PBXProject section */

/* Begin PBXResourcesBuildPhase section */
		AF2C026524659AD000A055B7 /* Resources */ = {
			isa = PBXResourcesBuildPhase;
			buildActionMask = 2147483647;
			files = (
				AF2C027724659AD100A055B7 /* LaunchScreen.storyboard in Resources */,
				AF2C027424659AD100A055B7 /* Preview Assets.xcassets in Resources */,
				AF2C027124659AD100A055B7 /* Assets.xcassets in Resources */,
			);
			runOnlyForDeploymentPostprocessing = 0;
		};
		AF2C027B24659AD100A055B7 /* Resources */ = {
			isa = PBXResourcesBuildPhase;
			buildActionMask = 2147483647;
			files = (
			);
			runOnlyForDeploymentPostprocessing = 0;
		};
		AF2C028624659AD100A055B7 /* Resources */ = {
			isa = PBXResourcesBuildPhase;
			buildActionMask = 2147483647;
			files = (
			);
			runOnlyForDeploymentPostprocessing = 0;
		};
/* End PBXResourcesBuildPhase section */

/* Begin PBXSourcesBuildPhase section */
		AF2C026324659AD000A055B7 /* Sources */ = {
			isa = PBXSourcesBuildPhase;
			buildActionMask = 2147483647;
			files = (
				AF96E3DD2475CFE400D6E514 /* ImageLoader.swift in Sources */,
				AF95E7902465FD4200298FE2 /* Session.swift in Sources */,
				AF95E78E2465C8C000298FE2 /* LoginView.swift in Sources */,
				AFC4993D2469B0F6001752D5 /* NumbersInteractedWithView.swift in Sources */,
				AF926C25246B26BE0076E045 /* DataTypes.swift in Sources */,
				AF7A07D024736C83001AF225 /* MessageInputBar.swift in Sources */,
				AFD90C472465A01000B5D0D8 /* AppView.swift in Sources */,
				AFA39BF1246C4CA700DD759D /* KeyboardResponder.swift in Sources */,
				AF7A07CE24736B59001AF225 /* SMSMessageConversationView.swift in Sources */,
				AFC499382469A07C001752D5 /* UsersMessageBoxNumbers.swift in Sources */,
				AFD90C492465A01800B5D0D8 /* AuthView.swift in Sources */,
				AF2C026B24659AD000A055B7 /* AppDelegate.swift in Sources */,
				AF2C026D24659AD000A055B7 /* SceneDelegate.swift in Sources */,
				AF2C026F24659AD000A055B7 /* ContentView.swift in Sources */,
			);
			runOnlyForDeploymentPostprocessing = 0;
		};
		AF2C027924659AD100A055B7 /* Sources */ = {
			isa = PBXSourcesBuildPhase;
			buildActionMask = 2147483647;
			files = (
				AF2C028224659AD100A055B7 /* MessageBoxTests.swift in Sources */,
			);
			runOnlyForDeploymentPostprocessing = 0;
		};
		AF2C028424659AD100A055B7 /* Sources */ = {
			isa = PBXSourcesBuildPhase;
			buildActionMask = 2147483647;
			files = (
				AF2C028D24659AD100A055B7 /* MessageBoxUITests.swift in Sources */,
			);
			runOnlyForDeploymentPostprocessing = 0;
		};
/* End PBXSourcesBuildPhase section */

/* Begin PBXTargetDependency section */
		AF2C027F24659AD100A055B7 /* PBXTargetDependency */ = {
			isa = PBXTargetDependency;
			target = AF2C026624659AD000A055B7 /* MessageBox */;
			targetProxy = AF2C027E24659AD100A055B7 /* PBXContainerItemProxy */;
		};
		AF2C028A24659AD100A055B7 /* PBXTargetDependency */ = {
			isa = PBXTargetDependency;
			target = AF2C026624659AD000A055B7 /* MessageBox */;
			targetProxy = AF2C028924659AD100A055B7 /* PBXContainerItemProxy */;
		};
/* End PBXTargetDependency section */

/* Begin PBXVariantGroup section */
		AF2C027524659AD100A055B7 /* LaunchScreen.storyboard */ = {
			isa = PBXVariantGroup;
			children = (
				AF2C027624659AD100A055B7 /* Base */,
			);
			name = LaunchScreen.storyboard;
			sourceTree = "<group>";
		};
/* End PBXVariantGroup section */

/* Begin XCBuildConfiguration section */
		AF2C028F24659AD100A055B7 /* Debug */ = {
			isa = XCBuildConfiguration;
			buildSettings = {
				ALWAYS_SEARCH_USER_PATHS = NO;
				CLANG_ANALYZER_NONNULL = YES;
				CLANG_ANALYZER_NUMBER_OBJECT_CONVERSION = YES_AGGRESSIVE;
				CLANG_CXX_LANGUAGE_STANDARD = "gnu++14";
				CLANG_CXX_LIBRARY = "libc++";
				CLANG_ENABLE_MODULES = YES;
				CLANG_ENABLE_OBJC_ARC = YES;
				CLANG_ENABLE_OBJC_WEAK = YES;
				CLANG_WARN_BLOCK_CAPTURE_AUTORELEASING = YES;
				CLANG_WARN_BOOL_CONVERSION = YES;
				CLANG_WARN_COMMA = YES;
				CLANG_WARN_CONSTANT_CONVERSION = YES;
				CLANG_WARN_DEPRECATED_OBJC_IMPLEMENTATIONS = YES;
				CLANG_WARN_DIRECT_OBJC_ISA_USAGE = YES_ERROR;
				CLANG_WARN_DOCUMENTATION_COMMENTS = YES;
				CLANG_WARN_EMPTY_BODY = YES;
				CLANG_WARN_ENUM_CONVERSION = YES;
				CLANG_WARN_INFINITE_RECURSION = YES;
				CLANG_WARN_INT_CONVERSION = YES;
				CLANG_WARN_NON_LITERAL_NULL_CONVERSION = YES;
				CLANG_WARN_OBJC_IMPLICIT_RETAIN_SELF = YES;
				CLANG_WARN_OBJC_LITERAL_CONVERSION = YES;
				CLANG_WARN_OBJC_ROOT_CLASS = YES_ERROR;
				CLANG_WARN_RANGE_LOOP_ANALYSIS = YES;
				CLANG_WARN_STRICT_PROTOTYPES = YES;
				CLANG_WARN_SUSPICIOUS_MOVE = YES;
				CLANG_WARN_UNGUARDED_AVAILABILITY = YES_AGGRESSIVE;
				CLANG_WARN_UNREACHABLE_CODE = YES;
				CLANG_WARN__DUPLICATE_METHOD_MATCH = YES;
				COPY_PHASE_STRIP = NO;
				DEBUG_INFORMATION_FORMAT = dwarf;
				ENABLE_STRICT_OBJC_MSGSEND = YES;
				ENABLE_TESTABILITY = YES;
				GCC_C_LANGUAGE_STANDARD = gnu11;
				GCC_DYNAMIC_NO_PIC = NO;
				GCC_NO_COMMON_BLOCKS = YES;
				GCC_OPTIMIZATION_LEVEL = 0;
				GCC_PREPROCESSOR_DEFINITIONS = (
					"DEBUG=1",
					"$(inherited)",
				);
				GCC_WARN_64_TO_32_BIT_CONVERSION = YES;
				GCC_WARN_ABOUT_RETURN_TYPE = YES_ERROR;
				GCC_WARN_UNDECLARED_SELECTOR = YES;
				GCC_WARN_UNINITIALIZED_AUTOS = YES_AGGRESSIVE;
				GCC_WARN_UNUSED_FUNCTION = YES;
				GCC_WARN_UNUSED_VARIABLE = YES;
				IPHONEOS_DEPLOYMENT_TARGET = 13.4;
				MTL_ENABLE_DEBUG_INFO = INCLUDE_SOURCE;
				MTL_FAST_MATH = YES;
				ONLY_ACTIVE_ARCH = YES;
				SDKROOT = iphoneos;
				SWIFT_ACTIVE_COMPILATION_CONDITIONS = DEBUG;
				SWIFT_OPTIMIZATION_LEVEL = "-Onone";
			};
			name = Debug;
		};
		AF2C029024659AD100A055B7 /* Release */ = {
			isa = XCBuildConfiguration;
			buildSettings = {
				ALWAYS_SEARCH_USER_PATHS = NO;
				CLANG_ANALYZER_NONNULL = YES;
				CLANG_ANALYZER_NUMBER_OBJECT_CONVERSION = YES_AGGRESSIVE;
				CLANG_CXX_LANGUAGE_STANDARD = "gnu++14";
				CLANG_CXX_LIBRARY = "libc++";
				CLANG_ENABLE_MODULES = YES;
				CLANG_ENABLE_OBJC_ARC = YES;
				CLANG_ENABLE_OBJC_WEAK = YES;
				CLANG_WARN_BLOCK_CAPTURE_AUTORELEASING = YES;
				CLANG_WARN_BOOL_CONVERSION = YES;
				CLANG_WARN_COMMA = YES;
				CLANG_WARN_CONSTANT_CONVERSION = YES;
				CLANG_WARN_DEPRECATED_OBJC_IMPLEMENTATIONS = YES;
				CLANG_WARN_DIRECT_OBJC_ISA_USAGE = YES_ERROR;
				CLANG_WARN_DOCUMENTATION_COMMENTS = YES;
				CLANG_WARN_EMPTY_BODY = YES;
				CLANG_WARN_ENUM_CONVERSION = YES;
				CLANG_WARN_INFINITE_RECURSION = YES;
				CLANG_WARN_INT_CONVERSION = YES;
				CLANG_WARN_NON_LITERAL_NULL_CONVERSION = YES;
				CLANG_WARN_OBJC_IMPLICIT_RETAIN_SELF = YES;
				CLANG_WARN_OBJC_LITERAL_CONVERSION = YES;
				CLANG_WARN_OBJC_ROOT_CLASS = YES_ERROR;
				CLANG_WARN_RANGE_LOOP_ANALYSIS = YES;
				CLANG_WARN_STRICT_PROTOTYPES = YES;
				CLANG_WARN_SUSPICIOUS_MOVE = YES;
				CLANG_WARN_UNGUARDED_AVAILABILITY = YES_AGGRESSIVE;
				CLANG_WARN_UNREACHABLE_CODE = YES;
				CLANG_WARN__DUPLICATE_METHOD_MATCH = YES;
				COPY_PHASE_STRIP = NO;
				DEBUG_INFORMATION_FORMAT = "dwarf-with-dsym";
				ENABLE_NS_ASSERTIONS = NO;
				ENABLE_STRICT_OBJC_MSGSEND = YES;
				GCC_C_LANGUAGE_STANDARD = gnu11;
				GCC_NO_COMMON_BLOCKS = YES;
				GCC_WARN_64_TO_32_BIT_CONVERSION = YES;
				GCC_WARN_ABOUT_RETURN_TYPE = YES_ERROR;
				GCC_WARN_UNDECLARED_SELECTOR = YES;
				GCC_WARN_UNINITIALIZED_AUTOS = YES_AGGRESSIVE;
				GCC_WARN_UNUSED_FUNCTION = YES;
				GCC_WARN_UNUSED_VARIABLE = YES;
				IPHONEOS_DEPLOYMENT_TARGET = 13.4;
				MTL_ENABLE_DEBUG_INFO = NO;
				MTL_FAST_MATH = YES;
				SDKROOT = iphoneos;
				SWIFT_COMPILATION_MODE = wholemodule;
				SWIFT_OPTIMIZATION_LEVEL = "-O";
				VALIDATE_PRODUCT = YES;
			};
			name = Release;
		};
		AF2C029224659AD100A055B7 /* Debug */ = {
			isa = XCBuildConfiguration;
			buildSettings = {
				ASSETCATALOG_COMPILER_APPICON_NAME = AppIcon;
				CODE_SIGN_ENTITLEMENTS = MessageBox/MessageBox.entitlements;
				"CODE_SIGN_IDENTITY[sdk=macosx*]" = "Apple Development";
				CODE_SIGN_STYLE = Automatic;
				DEVELOPMENT_ASSET_PATHS = "\"MessageBox/Preview Content\"";
				DEVELOPMENT_TEAM = GU5TWBZQL8;
				ENABLE_PREVIEWS = YES;
				INFOPLIST_FILE = MessageBox/Info.plist;
				LD_RUNPATH_SEARCH_PATHS = (
					"$(inherited)",
					"@executable_path/Frameworks",
				);
				PRODUCT_BUNDLE_IDENTIFIER = com.chickenandbee.MessageBox;
				PRODUCT_NAME = "$(TARGET_NAME)";
				SUPPORTS_MACCATALYST = YES;
				SWIFT_VERSION = 5.0;
				TARGETED_DEVICE_FAMILY = "1,2";
			};
			name = Debug;
		};
		AF2C029324659AD100A055B7 /* Release */ = {
			isa = XCBuildConfiguration;
			buildSettings = {
				ASSETCATALOG_COMPILER_APPICON_NAME = AppIcon;
				CODE_SIGN_ENTITLEMENTS = MessageBox/MessageBox.entitlements;
				"CODE_SIGN_IDENTITY[sdk=macosx*]" = "Apple Development";
				CODE_SIGN_STYLE = Automatic;
				DEVELOPMENT_ASSET_PATHS = "\"MessageBox/Preview Content\"";
				DEVELOPMENT_TEAM = GU5TWBZQL8;
				ENABLE_PREVIEWS = YES;
				INFOPLIST_FILE = MessageBox/Info.plist;
				LD_RUNPATH_SEARCH_PATHS = (
					"$(inherited)",
					"@executable_path/Frameworks",
				);
				PRODUCT_BUNDLE_IDENTIFIER = com.chickenandbee.MessageBox;
				PRODUCT_NAME = "$(TARGET_NAME)";
				SUPPORTS_MACCATALYST = YES;
				SWIFT_VERSION = 5.0;
				TARGETED_DEVICE_FAMILY = "1,2";
			};
			name = Release;
		};
		AF2C029524659AD100A055B7 /* Debug */ = {
			isa = XCBuildConfiguration;
			buildSettings = {
				ALWAYS_EMBED_SWIFT_STANDARD_LIBRARIES = YES;
				BUNDLE_LOADER = "$(TEST_HOST)";
				CODE_SIGN_STYLE = Automatic;
				INFOPLIST_FILE = MessageBoxTests/Info.plist;
				IPHONEOS_DEPLOYMENT_TARGET = 13.4;
				LD_RUNPATH_SEARCH_PATHS = (
					"$(inherited)",
					"@executable_path/Frameworks",
					"@loader_path/Frameworks",
				);
				PRODUCT_BUNDLE_IDENTIFIER = com.mbmlabs.MessageBoxTests;
				PRODUCT_NAME = "$(TARGET_NAME)";
				SWIFT_VERSION = 5.0;
				TARGETED_DEVICE_FAMILY = "1,2";
				TEST_HOST = "$(BUILT_PRODUCTS_DIR)/MessageBox.app/MessageBox";
			};
			name = Debug;
		};
		AF2C029624659AD100A055B7 /* Release */ = {
			isa = XCBuildConfiguration;
			buildSettings = {
				ALWAYS_EMBED_SWIFT_STANDARD_LIBRARIES = YES;
				BUNDLE_LOADER = "$(TEST_HOST)";
				CODE_SIGN_STYLE = Automatic;
				INFOPLIST_FILE = MessageBoxTests/Info.plist;
				IPHONEOS_DEPLOYMENT_TARGET = 13.4;
				LD_RUNPATH_SEARCH_PATHS = (
					"$(inherited)",
					"@executable_path/Frameworks",
					"@loader_path/Frameworks",
				);
				PRODUCT_BUNDLE_IDENTIFIER = com.mbmlabs.MessageBoxTests;
				PRODUCT_NAME = "$(TARGET_NAME)";
				SWIFT_VERSION = 5.0;
				TARGETED_DEVICE_FAMILY = "1,2";
				TEST_HOST = "$(BUILT_PRODUCTS_DIR)/MessageBox.app/MessageBox";
			};
			name = Release;
		};
		AF2C029824659AD100A055B7 /* Debug */ = {
			isa = XCBuildConfiguration;
			buildSettings = {
				ALWAYS_EMBED_SWIFT_STANDARD_LIBRARIES = YES;
				CODE_SIGN_STYLE = Automatic;
				INFOPLIST_FILE = MessageBoxUITests/Info.plist;
				LD_RUNPATH_SEARCH_PATHS = (
					"$(inherited)",
					"@executable_path/Frameworks",
					"@loader_path/Frameworks",
				);
				PRODUCT_BUNDLE_IDENTIFIER = com.mbmlabs.MessageBoxUITests;
				PRODUCT_NAME = "$(TARGET_NAME)";
				SWIFT_VERSION = 5.0;
				TARGETED_DEVICE_FAMILY = "1,2";
				TEST_TARGET_NAME = MessageBox;
			};
			name = Debug;
		};
		AF2C029924659AD100A055B7 /* Release */ = {
			isa = XCBuildConfiguration;
			buildSettings = {
				ALWAYS_EMBED_SWIFT_STANDARD_LIBRARIES = YES;
				CODE_SIGN_STYLE = Automatic;
				INFOPLIST_FILE = MessageBoxUITests/Info.plist;
				LD_RUNPATH_SEARCH_PATHS = (
					"$(inherited)",
					"@executable_path/Frameworks",
					"@loader_path/Frameworks",
				);
				PRODUCT_BUNDLE_IDENTIFIER = com.mbmlabs.MessageBoxUITests;
				PRODUCT_NAME = "$(TARGET_NAME)";
				SWIFT_VERSION = 5.0;
				TARGETED_DEVICE_FAMILY = "1,2";
				TEST_TARGET_NAME = MessageBox;
			};
			name = Release;
		};
/* End XCBuildConfiguration section */

/* Begin XCConfigurationList section */
		AF2C026224659AD000A055B7 /* Build configuration list for PBXProject "MessageBox" */ = {
			isa = XCConfigurationList;
			buildConfigurations = (
				AF2C028F24659AD100A055B7 /* Debug */,
				AF2C029024659AD100A055B7 /* Release */,
			);
			defaultConfigurationIsVisible = 0;
			defaultConfigurationName = Release;
		};
		AF2C029124659AD100A055B7 /* Build configuration list for PBXNativeTarget "MessageBox" */ = {
			isa = XCConfigurationList;
			buildConfigurations = (
				AF2C029224659AD100A055B7 /* Debug */,
				AF2C029324659AD100A055B7 /* Release */,
			);
			defaultConfigurationIsVisible = 0;
			defaultConfigurationName = Release;
		};
		AF2C029424659AD100A055B7 /* Build configuration list for PBXNativeTarget "MessageBoxTests" */ = {
			isa = XCConfigurationList;
			buildConfigurations = (
				AF2C029524659AD100A055B7 /* Debug */,
				AF2C029624659AD100A055B7 /* Release */,
			);
			defaultConfigurationIsVisible = 0;
			defaultConfigurationName = Release;
		};
		AF2C029724659AD100A055B7 /* Build configuration list for PBXNativeTarget "MessageBoxUITests" */ = {
			isa = XCConfigurationList;
			buildConfigurations = (
				AF2C029824659AD100A055B7 /* Debug */,
				AF2C029924659AD100A055B7 /* Release */,
			);
			defaultConfigurationIsVisible = 0;
			defaultConfigurationName = Release;
		};
/* End XCConfigurationList section */

/* Begin XCRemoteSwiftPackageReference section */
		AFC499392469B00E001752D5 /* XCRemoteSwiftPackageReference "Alamofire" */ = {
			isa = XCRemoteSwiftPackageReference;
			repositoryURL = "https://github.com/Alamofire/Alamofire.git";
			requirement = {
				kind = upToNextMajorVersion;
				minimumVersion = 5.1.0;
			};
		};
/* End XCRemoteSwiftPackageReference section */

/* Begin XCSwiftPackageProductDependency section */
		AFC4993A2469B00E001752D5 /* Alamofire */ = {
			isa = XCSwiftPackageProductDependency;
			package = AFC499392469B00E001752D5 /* XCRemoteSwiftPackageReference "Alamofire" */;
			productName = Alamofire;
		};
/* End XCSwiftPackageProductDependency section */
	};
	rootObject = AF2C025F24659AD000A055B7 /* Project object */;
}
